<?xml version="1.0" encoding="utf-8"?>
<Project ToolsVersion="4.0" xmlns="http://schemas.microsoft.com/developer/msbuild/2003">
  <ItemGroup>
    <Filter Include="Source Files">
      <UniqueIdentifier>{4FC737F1-C7A5-4376-A066-2A32D752A2FF}</UniqueIdentifier>
      <Extensions>cpp;c;cc;cxx;def;odl;idl;hpj;bat;asm;asmx</Extensions>
    </Filter>
    <Filter Include="Resource Files">
      <UniqueIdentifier>{67DA6AB6-F800-4c08-8B7A-83BB121AAD01}</UniqueIdentifier>
      <Extensions>rc;ico;cur;bmp;dlg;rc2;rct;bin;rgs;gif;jpg;jpeg;jpe;resx;tiff;tif;png;wav;mfcribbon-ms</Extensions>
    </Filter>
  </ItemGroup>
  <ItemGroup>
    <None Include="ReadMe.txt" />
    <None Include="res\buttons.bmp">
      <Filter>Resource Files</Filter>
    </None>
    <None Include="res\filelarge.bmp">
      <Filter>Resource Files</Filter>
    </None>
    <None Include="res\filesmall.bmp">
      <Filter>Resource Files</Filter>
    </None>
    <None Include="res\main.bmp">
      <Filter>Resource Files</Filter>
    </None>
    <None Include="res\writelarge.bmp">
      <Filter>Resource Files</Filter>
    </None>
    <None Include="res\writesmall.bmp">
      <Filter>Resource Files</Filter>
    </None>
    <None Include="res\ribbon.mfcribbon-ms">
      <Filter>Resource Files</Filter>
    </None>
    <None Include="res\SamplePanel.rc2">
      <Filter>Resource Files</Filter>
    </None>
    <None Include="res\SamplePanelDoc.ico">
      <Filter>Resource Files</Filter>
    </None>
    <None Include="res\SamplePanel.ico">
      <Filter>Resource Files</Filter>
    </None>
    <None Include="res\Toolbar.bmp">
      <Filter>Resource Files</Filter>
    </None>
    <None Include="res\Toolbar256.bmp">
      <Filter>Resource Files</Filter>
    </None>
    <None Include="res\Toolbar24.bmp">
      <Filter>Resource Files</Filter>
    </None>
    <None Include="res\static_5.bmp">
      <Filter>Resource Files</Filter>
    </None>
    <None Include="res\static_6.bmp">
      <Filter>Resource Files</Filter>
    </None>
    <None Include="res\static_7.bmp">
      <Filter>Resource Files</Filter>
    </None>
    <None Include="res\static_8.bmp">
      <Filter>Resource Files</Filter>
    </None>
    <None Include="res\static_9.bmp">
      <Filter>Resource Files</Filter>
    </None>
    <None Include="res\static_10.bmp">
      <Filter>Resource Files</Filter>
    </None>
    <None Include="res\Toolbar24EX.bmp">
      <Filter>Resource Files</Filter>
    </None>
  </ItemGroup>
  <ItemGroup>
    <ClInclude Include="targetver.h">
      <Filter>Source Files</Filter>
    </ClInclude>
    <ClInclude Include="Resource.h">
      <Filter>Source Files</Filter>
    </ClInclude>
    <ClInclude Include="SamplePanel.h">
      <Filter>Source Files</Filter>
    </ClInclude>
    <ClInclude Include="SamplePanelDoc.h">
      <Filter>Source Files</Filter>
    </ClInclude>
    <ClInclude Include="SamplePanelView.h">
      <Filter>Source Files</Filter>
    </ClInclude>
    <ClInclude Include="stdafx.h">
      <Filter>Source Files</Filter>
    </ClInclude>
    <ClInclude Include="SamplePanelManager.h">
      <Filter>Source Files</Filter>
    </ClInclude>
    <ClInclude Include="SamplePanelFrame.h">
      <Filter>Source Files</Filter>
    </ClInclude>
    <ClInclude Include="SamplePanelDialog.h">
      <Filter>Source Files</Filter>
    </ClInclude>
    <ClInclude Include="SamplePanelDialog2.h">
      <Filter>Source Files</Filter>
    </ClInclude>
    <ClInclude Include="SamplePanelDialog3.h">
      <Filter>Source Files</Filter>
    </ClInclude>
    <ClInclude Include="SamplePanelDialog4.h">
      <Filter>Source Files</Filter>
    </ClInclude>
  </ItemGroup>
  <ItemGroup>
    <ClCompile Include="SamplePanel.cpp">
      <Filter>Source Files</Filter>
    </ClCompile>
    <ClCompile Include="stdafx.cpp">
      <Filter>Source Files</Filter>
    </ClCompile>
    <ClCompile Include="SamplePanelDoc.cpp">
      <Filter>Source Files</Filter>
    </ClCompile>
    <ClCompile Include="SamplePanelView.cpp">
      <Filter>Source Files</Filter>
    </ClCompile>
    <ClCompile Include="SamplePanelManager.cpp">
      <Filter>Source Files</Filter>
    </ClCompile>
    <ClCompile Include="SamplePanelFrame.cpp">
      <Filter>Source Files</Filter>
    </ClCompile>
    <ClCompile Include="SamplePanelDialog.cpp">
      <Filter>Source Files</Filter>
    </ClCompile>
    <ClCompile Include="SamplePanelDialog2.cpp">
      <Filter>Source Files</Filter>
    </ClCompile>
    <ClCompile Include="SamplePanelDialog3.cpp">
      <Filter>Source Files</Filter>
    </ClCompile>
    <ClCompile Include="SamplePanelDialog4.cpp">
      <Filter>Source Files</Filter>
    </ClCompile>
  </ItemGroup>
  <ItemGroup>
    <ResourceCompile Include="SamplePanel.rc">
      <Filter>Resource Files</Filter>
    </ResourceCompile>
  </ItemGroup>
</Project>