<?xml version="1.0" encoding="utf-8"?>
<Project ToolsVersion="4.0" xmlns="http://schemas.microsoft.com/developer/msbuild/2003">
  <ItemGroup>
    <Filter Include="Source Files">
      <UniqueIdentifier>{4FC737F1-C7A5-4376-A066-2A32D752A2FF}</UniqueIdentifier>
      <Extensions>cpp;c;cc;cxx;def;odl;idl;hpj;bat;asm;asmx</Extensions>
    </Filter>
    <Filter Include="Resource Files">
      <UniqueIdentifier>{67DA6AB6-F800-4c08-8B7A-83BB121AAD01}</UniqueIdentifier>
      <Extensions>rc;ico;cur;bmp;dlg;rc2;rct;bin;rgs;gif;jpg;jpeg;jpe;resx;tiff;tif;png;wav</Extensions>
    </Filter>
  </ItemGroup>
  <ItemGroup>
    <ClCompile Include="SampleViewer.cpp">
      <Filter>Source Files</Filter>
    </ClCompile>
    <ClCompile Include="SampleViewerDialog.cpp">
      <Filter>Source Files</Filter>
    </ClCompile>
    <ClCompile Include="SampleViewerDoc.cpp">
      <Filter>Source Files</Filter>
    </ClCompile>
    <ClCompile Include="SampleViewerFrame.cpp">
      <Filter>Source Files</Filter>
    </ClCompile>
    <ClCompile Include="SampleViewerManager.cpp">
      <Filter>Source Files</Filter>
    </ClCompile>
    <ClCompile Include="SampleViewerView.cpp">
      <Filter>Source Files</Filter>
    </ClCompile>
    <ClCompile Include="stdafx.cpp">
      <Filter>Source Files</Filter>
    </ClCompile>
    <ClCompile Include="DlgTest1InSV.cpp">
      <Filter>Source Files</Filter>
    </ClCompile>
    <ClCompile Include="DlgTest2InSV.cpp">
      <Filter>Source Files</Filter>
    </ClCompile>
    <ClCompile Include="DlgTest3InSV.cpp">
      <Filter>Source Files</Filter>
    </ClCompile>
    <ClCompile Include="DlgTest4InSV.cpp">
      <Filter>Source Files</Filter>
    </ClCompile>
  </ItemGroup>
  <ItemGroup>
    <None Include="SampleViewer.def">
      <Filter>Source Files</Filter>
    </None>
    <None Include="res\SampleViewer.ico">
      <Filter>Resource Files</Filter>
    </None>
    <None Include="res\SampleViewer.rc2">
      <Filter>Resource Files</Filter>
    </None>
    <None Include="toolbar1.bmp">
      <Filter>Resource Files</Filter>
    </None>
    <None Include="res\toolbar1.bmp">
      <Filter>Resource Files</Filter>
    </None>
    <None Include="res\Toolbar24.bmp">
      <Filter>Resource Files</Filter>
    </None>
    <None Include="ReadMe.txt" />
    <None Include="res\static_1.bmp">
      <Filter>Resource Files</Filter>
    </None>
    <None Include="res\static_2.bmp">
      <Filter>Resource Files</Filter>
    </None>
    <None Include="res\static_3.bmp">
      <Filter>Resource Files</Filter>
    </None>
    <None Include="res\static_4.bmp">
      <Filter>Resource Files</Filter>
    </None>
  </ItemGroup>
  <ItemGroup>
    <ClInclude Include="targetver.h">
      <Filter>Source Files</Filter>
    </ClInclude>
    <ClInclude Include="Resource.h">
      <Filter>Source Files</Filter>
    </ClInclude>
    <ClInclude Include="SampleViewer.h">
      <Filter>Source Files</Filter>
    </ClInclude>
    <ClInclude Include="SampleViewerDialog.h">
      <Filter>Source Files</Filter>
    </ClInclude>
    <ClInclude Include="SampleViewerDoc.h">
      <Filter>Source Files</Filter>
    </ClInclude>
    <ClInclude Include="SampleViewerFrame.h">
      <Filter>Source Files</Filter>
    </ClInclude>
    <ClInclude Include="SampleViewerManager.h">
      <Filter>Source Files</Filter>
    </ClInclude>
    <ClInclude Include="SampleViewerView.h">
      <Filter>Source Files</Filter>
    </ClInclude>
    <ClInclude Include="stdafx.h">
      <Filter>Source Files</Filter>
    </ClInclude>
    <ClInclude Include="DlgTest4InSV.h">
      <Filter>Source Files</Filter>
    </ClInclude>
    <ClInclude Include="DlgTest1InSV.h">
      <Filter>Source Files</Filter>
    </ClInclude>
    <ClInclude Include="DlgTest2InSV.h">
      <Filter>Source Files</Filter>
    </ClInclude>
    <ClInclude Include="DlgTest3InSV.h">
      <Filter>Source Files</Filter>
    </ClInclude>
  </ItemGroup>
  <ItemGroup>
    <ResourceCompile Include="SampleViewer.rc">
      <Filter>Resource Files</Filter>
    </ResourceCompile>
  </ItemGroup>
</Project>